
Microsoft Visual Studio Solution File, Format Version 12.00
# Visual Studio Version 17
VisualStudioVersion = 17.5.33424.131
MinimumVisualStudioVersion = 10.0.40219.1
Project("{2150E333-8FDC-42A3-9474-1A3956D46DE8}") = "TicTacToe", "TicTacToe", "{ADA2DD7A-BD89-4757-A942-2589FF7EA99D}"
EndProject
Project("{FAE04EC0-301F-11D3-BF4B-00C04F79EFBC}") = "Tic-Tac-Toe", "Tic-Tac-Toe\Tic-Tac-Toe.csproj", "{44F050EA-128D-45B5-BEDA-83CB99481971}"
EndProject
Global
	GlobalSection(SolutionConfigurationPlatforms) = preSolution
		Debug|Any CPU = Debug|Any CPU
		Release|Any CPU = Release|Any CPU
	EndGlobalSection
	GlobalSection(ProjectConfigurationPlatforms) = postSolution
		{44F050EA-128D-45B5-BEDA-83CB99481971}.Debug|Any CPU.ActiveCfg = Debug|Any CPU
		{44F050EA-128D-45B5-BEDA-83CB99481971}.Debug|Any CPU.Build.0 = Debug|Any CPU
		{44F050EA-128D-45B5-BEDA-83CB99481971}.Release|Any CPU.ActiveCfg = Release|Any CPU
		{44F050EA-128D-45B5-BEDA-83CB99481971}.Release|Any CPU.Build.0 = Release|Any CPU
	EndGlobalSection
	GlobalSection(SolutionProperties) = preSolution
		HideSolutionNode = FALSE
	EndGlobalSection
	GlobalSection(NestedProjects) = preSolution
		{44F050EA-128D-45B5-BEDA-83CB99481971} = {ADA2DD7A-BD89-4757-A942-2589FF7EA99D}
	EndGlobalSection
	GlobalSection(ExtensibilityGlobals) = postSolution
		SolutionGuid = {9C90EF75-3AE6-4D28-8DB4-962A274FE6D5}
	EndGlobalSection
EndGlobal
